<?xml version="1.0" encoding="utf-8"?>
<Project ToolsVersion="4.0" xmlns="http://schemas.microsoft.com/developer/msbuild/2003">
  <ItemGroup>
    <Filter Include="Source Files">
      <UniqueIdentifier>{4FC737F1-C7A5-4376-A066-2A32D752A2FF}</UniqueIdentifier>
      <Extensions>cpp;c;cc;cxx;def;odl;idl;hpj;bat;asm;asmx</Extensions>
    </Filter>
    <Filter Include="Header Files">
      <UniqueIdentifier>{93995380-89BD-4b04-88EB-625FBE52EBFB}</UniqueIdentifier>
      <Extensions>h;hpp;hxx;hm;inl;inc;xsd</Extensions>
    </Filter>
    <Filter Include="Resource Files">
      <UniqueIdentifier>{67DA6AB6-F800-4c08-8B7A-83BB121AAD01}</UniqueIdentifier>
      <Extensions>rc;ico;cur;bmp;dlg;rc2;rct;bin;rgs;gif;jpg;jpeg;jpe;resx;tiff;tif;png;wav;mfcribbon-ms</Extensions>
    </Filter>
    <Filter Include="Header Files\Entities">
      <UniqueIdentifier>{26a031ae-4d00-4b7e-99d3-85ec08a51d76}</UniqueIdentifier>
    </Filter>
    <Filter Include="Source Files\Entities">
      <UniqueIdentifier>{fa8a11d1-6224-4db7-b69d-a39c452b9a62}</UniqueIdentifier>
    </Filter>
    <Filter Include="Source Files\Scenes">
      <UniqueIdentifier>{079240d8-8271-4937-942d-d2f9ecdc7f96}</UniqueIdentifier>
    </Filter>
    <Filter Include="Header Files\Scenes">
      <UniqueIdentifier>{e9572d15-df59-4351-bf44-5507ee89f34b}</UniqueIdentifier>
    </Filter>
    <Filter Include="Header Files\Overlay Screens">
      <UniqueIdentifier>{f273a9d8-8ec6-4968-be54-e70b480e2289}</UniqueIdentifier>
    </Filter>
    <Filter Include="Source Files\utils">
      <UniqueIdentifier>{532bdd05-b6b3-4055-84de-6f4ed2dc5518}</UniqueIdentifier>
    </Filter>
    <Filter Include="Header Files\utils">
      <UniqueIdentifier>{d40dd2cc-a096-4c6b-bebd-19db9850da7d}</UniqueIdentifier>
    </Filter>
  </ItemGroup>
  <ItemGroup>
    <ClInclude Include="include\utils\SetUnionIterator.h">
      <Filter>Header Files\utils</Filter>
    </ClInclude>
    <ClInclude Include="include\utils\StorageProvider.h">
      <Filter>Header Files\utils</Filter>
    </ClInclude>
    <ClInclude Include="include\utils\StringUtils.h">
      <Filter>Header Files\utils</Filter>
    </ClInclude>
    <ClInclude Include="include\utils\Array2D.h">
      <Filter>Header Files\utils</Filter>
    </ClInclude>
    <ClInclude Include="include\TileAnimator.h">
      <Filter>Header Files</Filter>
    </ClInclude>
    <ClInclude Include="include\TilePlane.h">
      <Filter>Header Files</Filter>
    </ClInclude>
    <ClInclude Include="include\Tileset.h">
      <Filter>Header Files</Filter>
    </ClInclude>
    <ClInclude Include="include\TitleMenuScene.h">
      <Filter>Header Files</Filter>
    </ClInclude>
    <ClInclude Include="include\ZoneContainer.h">
      <Filter>Header Files</Filter>
    </ClInclude>
    <ClInclude Include="include\ZoneContainerData.h">
      <Filter>Header Files</Filter>
    </ClInclude>
    <ClInclude Include="include\BoxedText.h">
      <Filter>Header Files</Filter>
    </ClInclude>
    <ClInclude Include="include\BoxedTextScrollable.h">
      <Filter>Header Files</Filter>
    </ClInclude>
    <ClInclude Include="include\CallBackSystem.h">
      <Filter>Header Files</Filter>
    </ClInclude>
    <ClInclude Include="include\Character.h">
      <Filter>Header Files</Filter>
    </ClInclude>
    <ClInclude Include="include\Collectible.h">
      <Filter>Header Files</Filter>
    </ClInclude>
    <ClInclude Include="include\Constants.h">
      <Filter>Header Files</Filter>
    </ClInclude>
    <ClInclude Include="include\Entity.h">
      <Filter>Header Files</Filter>
    </ClInclude>
    <ClInclude Include="include\EntityPhysical.h">
      <Filter>Header Files</Filter>
    </ClInclude>
    <ClInclude Include="include\GameClock.h">
      <Filter>Header Files</Filter>
    </ClInclude>
    <ClInclude Include="include\GameResource.h">
      <Filter>Header Files</Filter>
    </ClInclude>
    <ClInclude Include="include\GameScene.h">
      <Filter>Header Files</Filter>
    </ClInclude>
    <ClInclude Include="include\GameTicks.h">
      <Filter>Header Files</Filter>
    </ClInclude>
    <ClInclude Include="include\GatewayZC.h">
      <Filter>Header Files</Filter>
    </ClInclude>
    <ClInclude Include="include\HeightAutoTileset.h">
      <Filter>Header Files</Filter>
    </ClInclude>
    <ClInclude Include="include\LightEntity.h">
      <Filter>Header Files</Filter>
    </ClInclude>
    <ClInclude Include="include\Map.h">
      <Filter>Header Files</Filter>
    </ClInclude>
    <ClInclude Include="include\MapEntitiesLoader.h">
      <Filter>Header Files</Filter>
    </ClInclude>
    <ClInclude Include="include\MapTile.h">
      <Filter>Header Files</Filter>
    </ClInclude>
    <ClInclude Include="include\MoveAnimation.h">
      <Filter>Header Files</Filter>
    </ClInclude>
    <ClInclude Include="include\NPC.h">
      <Filter>Header Files</Filter>
    </ClInclude>
    <ClInclude Include="include\Overlay.h">
      <Filter>Header Files</Filter>
    </ClInclude>
    <ClInclude Include="include\OverlayScreen.h">
      <Filter>Header Files</Filter>
    </ClInclude>
    <ClInclude Include="include\OverWorldCamera.h">
      <Filter>Header Files</Filter>
    </ClInclude>
    <ClInclude Include="include\OverWorldScene.h">
      <Filter>Header Files</Filter>
    </ClInclude>
    <ClInclude Include="include\OverWorldTone.h">
      <Filter>Header Files</Filter>
    </ClInclude>
    <ClInclude Include="include\PlayerCharacter.h">
      <Filter>Header Files</Filter>
    </ClInclude>
    <ClInclude Include="include\SceneManager.h">
      <Filter>Header Files</Filter>
    </ClInclude>
    <ClInclude Include="include\Tile.h">
      <Filter>Header Files</Filter>
    </ClInclude>
  </ItemGroup>
  <ItemGroup>
    <ClCompile Include="src\SceneManager.cpp">
      <Filter>Source Files</Filter>
    </ClCompile>
    <ClCompile Include="src\TilePlane.cpp">
      <Filter>Source Files</Filter>
    </ClCompile>
    <ClCompile Include="src\Tileset.cpp">
      <Filter>Source Files</Filter>
    </ClCompile>
    <ClCompile Include="src\TitleMenuScene.cpp">
      <Filter>Source Files</Filter>
    </ClCompile>
    <ClCompile Include="src\ZoneContainer.cpp">
      <Filter>Source Files</Filter>
    </ClCompile>
    <ClCompile Include="src\ZoneContainerData.cpp">
      <Filter>Source Files</Filter>
    </ClCompile>
    <ClCompile Include="src\BoxedText.cpp">
      <Filter>Source Files</Filter>
    </ClCompile>
    <ClCompile Include="src\BoxedTextScrollable.cpp">
      <Filter>Source Files</Filter>
    </ClCompile>
    <ClCompile Include="src\CallBackSystem.cpp">
      <Filter>Source Files</Filter>
    </ClCompile>
    <ClCompile Include="src\Character.cpp">
      <Filter>Source Files</Filter>
    </ClCompile>
    <ClCompile Include="src\Collectible.cpp">
      <Filter>Source Files</Filter>
    </ClCompile>
    <ClCompile Include="src\Entity.cpp">
      <Filter>Source Files</Filter>
    </ClCompile>
    <ClCompile Include="src\EntityPhysical.cpp">
      <Filter>Source Files</Filter>
    </ClCompile>
    <ClCompile Include="src\GameResource.cpp">
      <Filter>Source Files</Filter>
    </ClCompile>
    <ClCompile Include="src\GameScene.cpp">
      <Filter>Source Files</Filter>
    </ClCompile>
    <ClCompile Include="src\GameTicks.cpp">
      <Filter>Source Files</Filter>
    </ClCompile>
    <ClCompile Include="src\GatewayZC.cpp">
      <Filter>Source Files</Filter>
    </ClCompile>
    <ClCompile Include="src\LightEntity.cpp">
      <Filter>Source Files</Filter>
    </ClCompile>
    <ClCompile Include="src\main.cpp">
      <Filter>Source Files</Filter>
    </ClCompile>
    <ClCompile Include="src\Map.cpp">
      <Filter>Source Files</Filter>
    </ClCompile>
    <ClCompile Include="src\MapEntitiesLoader.cpp">
      <Filter>Source Files</Filter>
    </ClCompile>
    <ClCompile Include="src\MoveAnimation.cpp">
      <Filter>Source Files</Filter>
    </ClCompile>
    <ClCompile Include="src\NPC.cpp">
      <Filter>Source Files</Filter>
    </ClCompile>
    <ClCompile Include="src\Overlay.cpp">
      <Filter>Source Files</Filter>
    </ClCompile>
    <ClCompile Include="src\OverlayScreen.cpp">
      <Filter>Source Files</Filter>
    </ClCompile>
    <ClCompile Include="src\OverWorldCamera.cpp">
      <Filter>Source Files</Filter>
    </ClCompile>
    <ClCompile Include="src\OverWorldScene.cpp">
      <Filter>Source Files</Filter>
    </ClCompile>
    <ClCompile Include="src\OverWorldTone.cpp">
      <Filter>Source Files</Filter>
    </ClCompile>
    <ClCompile Include="src\PlayerCharacter.cpp">
      <Filter>Source Files</Filter>
    </ClCompile>
    <ClCompile Include="src\utils\StringUtils.cpp">
      <Filter>Source Files\utils</Filter>
    </ClCompile>
  </ItemGroup>
</Project>